
Microsoft Visual Studio Solution File, Format Version 12.00
# Visual Studio 15
VisualStudioVersion = 15.0.28307.572
MinimumVisualStudioVersion = 10.0.40219.1
Project("{FAE04EC0-301F-11D3-BF4B-00C04F79EFBC}") = "MeAndTheBoys", "MeAndTheBoys.csproj", "{D5F8CD68-3A25-4F97-8797-252FE65D3B0C}"
EndProject
Global
	GlobalSection(SolutionConfigurationPlatforms) = preSolution
		Debug|Any CPU = Debug|Any CPU
		Release|Any CPU = Release|Any CPU
	EndGlobalSection
	GlobalSection(ProjectConfigurationPlatforms) = postSolution
		{D5F8CD68-3A25-4F97-8797-252FE65D3B0C}.Debug|Any CPU.ActiveCfg = Debug|Any CPU
		{D5F8CD68-3A25-4F97-8797-252FE65D3B0C}.Debug|Any CPU.Build.0 = Debug|Any CPU
		{D5F8CD68-3A25-4F97-8797-252FE65D3B0C}.Release|Any CPU.ActiveCfg = Release|Any CPU
		{D5F8CD68-3A25-4F97-8797-252FE65D3B0C}.Release|Any CPU.Build.0 = Release|Any CPU
	EndGlobalSection
	GlobalSection(SolutionProperties) = preSolution
		HideSolutionNode = FALSE
	EndGlobalSection
	GlobalSection(ExtensibilityGlobals) = postSolution
		SolutionGuid = {38C6AC19-3EF6-497A-8624-39B3B4C09F6E}
	EndGlobalSection
EndGlobal
